
Microsoft Visual Studio Solution File, Format Version 11.00
# Visual Studio 2010
Project("{FAE04EC0-301F-11D3-BF4B-00C04F79EFBC}") = "Viz.DbApp.Psi", "Viz.DbApp.Psi.csproj", "{5E522DD5-F6A1-4B67-85D6-B182A4C69012}"
EndProject
Global
	GlobalSection(SolutionConfigurationPlatforms) = preSolution
		Debug|Any CPU = Debug|Any CPU
		Release|Any CPU = Release|Any CPU
	EndGlobalSection
	GlobalSection(ProjectConfigurationPlatforms) = postSolution
		{5E522DD5-F6A1-4B67-85D6-B182A4C69012}.Debug|Any CPU.ActiveCfg = Debug|Any CPU
		{5E522DD5-F6A1-4B67-85D6-B182A4C69012}.Debug|Any CPU.Build.0 = Debug|Any CPU
		{5E522DD5-F6A1-4B67-85D6-B182A4C69012}.Release|Any CPU.ActiveCfg = Release|Any CPU
		{5E522DD5-F6A1-4B67-85D6-B182A4C69012}.Release|Any CPU.Build.0 = Release|Any CPU
	EndGlobalSection
	GlobalSection(SolutionProperties) = preSolution
		HideSolutionNode = FALSE
	EndGlobalSection
EndGlobal
