
Microsoft Visual Studio Solution File, Format Version 12.00
# Visual Studio Version 16
VisualStudioVersion = 16.0.30225.117
MinimumVisualStudioVersion = 10.0.40219.1
Project("{FAE04EC0-301F-11D3-BF4B-00C04F79EFBC}") = "Viz.MagLab.MeasureUnits", "Viz.MagLab.MeasureUnits\Viz.MagLab.MeasureUnits.csproj", "{07ABC596-50ED-4A7E-BB36-BCA6B5CEA17C}"
EndProject
Project("{FAE04EC0-301F-11D3-BF4B-00C04F79EFBC}") = "Smv.Modules.MgrExt", "Smv.Modules.MgrExt\Smv.Modules.MgrExt.csproj", "{754A7A87-9973-4002-ADE7-30D336D34547}"
EndProject
Project("{FAE04EC0-301F-11D3-BF4B-00C04F79EFBC}") = "Viz.Lims.Sh", "Viz.Lims.Sh\Viz.Lims.Sh.csproj", "{FBAF292E-A901-4B5F-8D31-CEBE4601D9A4}"
EndProject
Project("{FAE04EC0-301F-11D3-BF4B-00C04F79EFBC}") = "Viz.DbModule.Psi", "Viz.DbModule.Psi\Viz.DbModule.Psi.csproj", "{F9DA2120-3E05-45FA-BBA7-20A6A25FD379}"
EndProject
Project("{FAE04EC0-301F-11D3-BF4B-00C04F79EFBC}") = "Smv.Data.Oracle", "Smv.Data.Oracle\Smv.Data.Oracle.csproj", "{C4AD1F75-A147-46AA-824A-7BFBC08648F0}"
EndProject
Project("{FAE04EC0-301F-11D3-BF4B-00C04F79EFBC}") = "Smv.Prj.Core", "Smv.Prj.Core\Smv.Prj.Core.csproj", "{6D17AC21-B5C2-4ACE-9D29-CD99C4F82286}"
EndProject
Project("{FAE04EC0-301F-11D3-BF4B-00C04F79EFBC}") = "Viz.WrkModule.MagLab", "Viz.WrkModule.MagLab\Viz.WrkModule.MagLab.csproj", "{8E2B5A5C-4EFC-4E66-AAD9-E0ECC08F8DB9}"
EndProject
Project("{FAE04EC0-301F-11D3-BF4B-00C04F79EFBC}") = "Viz.WrkModule.MagLab.Db", "Viz.WrkModule.MagLab.Db\Viz.WrkModule.MagLab.Db.csproj", "{3C73FFBD-C163-447F-A8A8-B843B8F81743}"
EndProject
Project("{FAE04EC0-301F-11D3-BF4B-00C04F79EFBC}") = "Viz.WrkModule.RptMagLab", "Viz.WrkModule.RptMagLab\Viz.WrkModule.RptMagLab.csproj", "{A8584DB0-8C4F-4452-A75C-CEAD6CD1CED3}"
EndProject
Project("{FAE04EC0-301F-11D3-BF4B-00C04F79EFBC}") = "Viz.WrkModule.RptMagLab.Db", "Viz.WrkModule.RptMagLab.Db\Viz.WrkModule.RptMagLab.Db.csproj", "{7A36E955-344A-4CEC-88E3-E1E3A24C9B7C}"
EndProject
Project("{FAE04EC0-301F-11D3-BF4B-00C04F79EFBC}") = "Viz.WrkModule.Spep", "Viz.WrkModule.Spep\Viz.WrkModule.Spep.csproj", "{514E17A1-3B46-4574-988E-67C991490E37}"
EndProject
Project("{FAE04EC0-301F-11D3-BF4B-00C04F79EFBC}") = "Viz.WrkModule.Spep.Db", "Viz.WrkModule.Spep.Db\Viz.WrkModule.Spep.Db.csproj", "{0AC286DC-33DA-4850-A036-7D2CEEF9FA2E}"
EndProject
Project("{FAE04EC0-301F-11D3-BF4B-00C04F79EFBC}") = "Viz.DbApp.Psi", "Viz.DbApp.Psi\Viz.DbApp.Psi.csproj", "{5E522DD5-F6A1-4B67-85D6-B182A4C69012}"
EndProject
Project("{FAE04EC0-301F-11D3-BF4B-00C04F79EFBC}") = "Viz.WrkModule.Diagrm", "Viz.WrkModule.Diagrm\Viz.WrkModule.Diagrm.csproj", "{8F4A8C8F-B1BD-4E56-89F4-782DE3DBCC50}"
EndProject
Project("{FAE04EC0-301F-11D3-BF4B-00C04F79EFBC}") = "Viz.WrkModule.Diagrm.Db", "Viz.WrkModule.Diagrm.Db\Viz.WrkModule.Diagrm.Db.csproj", "{F449C54C-BFAA-4473-A51C-6A910CB08B6D}"
EndProject
Project("{FAE04EC0-301F-11D3-BF4B-00C04F79EFBC}") = "Viz.WrkModule.MapDefects", "Viz.WrkModule.MapDefects\Viz.WrkModule.MapDefects.csproj", "{BB5BF8CA-D26F-428B-B7D7-0BFF0CAF211E}"
EndProject
Project("{FAE04EC0-301F-11D3-BF4B-00C04F79EFBC}") = "Viz.WrkModule.MapDefects.Db", "Viz.WrkModule.MapDefects.Db\Viz.WrkModule.MapDefects.Db.csproj", "{F7D5264F-47B7-4B1D-A8D9-28FD50A333F5}"
EndProject
Project("{FAE04EC0-301F-11D3-BF4B-00C04F79EFBC}") = "Viz.WrkModule.RptHimLab", "Viz.WrkModule.RptHimLab\Viz.WrkModule.RptHimLab.csproj", "{C1C1F559-C162-49FE-B92C-D784C57C4D01}"
EndProject
Project("{FAE04EC0-301F-11D3-BF4B-00C04F79EFBC}") = "Viz.WrkModule.RptOtk", "Viz.WrkModule.RptOtk\Viz.WrkModule.RptOtk.csproj", "{630B421D-100F-4EBD-86C0-BC747A9359C6}"
EndProject
Project("{FAE04EC0-301F-11D3-BF4B-00C04F79EFBC}") = "Viz.WrkModule.RptHimLab.Db", "Viz.WrkModule.RptHimLab.Db\Viz.WrkModule.RptHimLab.Db.csproj", "{3262EF16-C46F-41F0-B613-2E765D836BCC}"
EndProject
Project("{FAE04EC0-301F-11D3-BF4B-00C04F79EFBC}") = "Smv.DispUpdate", "Smv.DispUpdate\Smv.DispUpdate.csproj", "{A0423C7F-5BB3-42A6-BAB8-5BCA39373AEE}"
EndProject
Project("{FAE04EC0-301F-11D3-BF4B-00C04F79EFBC}") = "Viz.WrkModule.RptOtk.Db", "Viz.WrkModule.RptOtk.Db\Viz.WrkModule.RptOtk.Db.csproj", "{41E884C7-B0C0-49F5-B8F1-D384A663252A}"
EndProject
Project("{FAE04EC0-301F-11D3-BF4B-00C04F79EFBC}") = "Viz.WrkModule.RptManager", "Viz.WrkModule.RptManager\Viz.WrkModule.RptManager.csproj", "{B78878E7-FE28-415B-8BE2-11AC4EC41207}"
EndProject
Project("{FAE04EC0-301F-11D3-BF4B-00C04F79EFBC}") = "Viz.WrkModule.RptManager.Db", "Viz.WrkModule.RptManager.Db\Viz.WrkModule.RptManager.Db.csproj", "{5D08C3EE-1897-4550-9D97-C31B52ECC55C}"
EndProject
Project("{FAE04EC0-301F-11D3-BF4B-00C04F79EFBC}") = "Viz.WrkModule.RptOpr", "Viz.WrkModule.RptOpr\Viz.WrkModule.RptOpr.csproj", "{D88A277D-597F-44E7-A4D9-29CA69F22C6E}"
EndProject
Project("{FAE04EC0-301F-11D3-BF4B-00C04F79EFBC}") = "Viz.WrkModule.RptOpr.Db", "Viz.WrkModule.RptOpr.Db\Viz.WrkModule.RptOpr.Db.csproj", "{E18E71BC-0C54-4A24-B9BE-0045B81D03E5}"
EndProject
Project("{FAE04EC0-301F-11D3-BF4B-00C04F79EFBC}") = "Viz.WrkModule.Thp", "Viz.WrkModule.Thp\Viz.WrkModule.Thp.csproj", "{306D0929-6EE7-45BF-ABBF-92A08F222A08}"
EndProject
Project("{FAE04EC0-301F-11D3-BF4B-00C04F79EFBC}") = "Viz.WrkModule.Thp.Db", "Viz.WrkModule.Thp.Db\Viz.WrkModule.Thp.Db.csproj", "{14511BF3-C3AD-4C66-8809-3538930E3075}"
EndProject
Project("{FAE04EC0-301F-11D3-BF4B-00C04F79EFBC}") = "Viz.WrkModule.Isc", "Viz.WrkModule.Isc\Viz.WrkModule.Isc.csproj", "{8E37499B-A853-4EAB-A608-9349EDA51906}"
EndProject
Project("{FAE04EC0-301F-11D3-BF4B-00C04F79EFBC}") = "Viz.WrkModule.Isc.Db", "Viz.WrkModule.Isc.Db\Viz.WrkModule.Isc.Db.csproj", "{EFBA160C-AD5F-42A2-A79A-4F722236B57C}"
EndProject
Project("{FAE04EC0-301F-11D3-BF4B-00C04F79EFBC}") = "Viz.WrkModule.PrintLabel", "Viz.WrkModule.PrintLabel\Viz.WrkModule.PrintLabel.csproj", "{6892AFA9-6EA3-416C-BD64-92BEBBE5E4B8}"
EndProject
Project("{FAE04EC0-301F-11D3-BF4B-00C04F79EFBC}") = "Viz.WrkModule.PrintLabel.Db", "Viz.WrkModule.PrintLabel.Db\Viz.WrkModule.PrintLabel.Db.csproj", "{3CC5727E-17D7-43A2-AE9F-7EA4AC71C797}"
EndProject
Global
	GlobalSection(SolutionConfigurationPlatforms) = preSolution
		Debug|Any CPU = Debug|Any CPU
		Debug|Mixed Platforms = Debug|Mixed Platforms
		Debug|x86 = Debug|x86
		Release|Any CPU = Release|Any CPU
		Release|Mixed Platforms = Release|Mixed Platforms
		Release|x86 = Release|x86
	EndGlobalSection
	GlobalSection(ProjectConfigurationPlatforms) = postSolution
		{07ABC596-50ED-4A7E-BB36-BCA6B5CEA17C}.Debug|Any CPU.ActiveCfg = Debug|Any CPU
		{07ABC596-50ED-4A7E-BB36-BCA6B5CEA17C}.Debug|Any CPU.Build.0 = Debug|Any CPU
		{07ABC596-50ED-4A7E-BB36-BCA6B5CEA17C}.Debug|Mixed Platforms.ActiveCfg = Debug|Any CPU
		{07ABC596-50ED-4A7E-BB36-BCA6B5CEA17C}.Debug|Mixed Platforms.Build.0 = Debug|Any CPU
		{07ABC596-50ED-4A7E-BB36-BCA6B5CEA17C}.Debug|x86.ActiveCfg = Debug|Any CPU
		{07ABC596-50ED-4A7E-BB36-BCA6B5CEA17C}.Release|Any CPU.ActiveCfg = Release|Any CPU
		{07ABC596-50ED-4A7E-BB36-BCA6B5CEA17C}.Release|Any CPU.Build.0 = Release|Any CPU
		{07ABC596-50ED-4A7E-BB36-BCA6B5CEA17C}.Release|Mixed Platforms.ActiveCfg = Release|Any CPU
		{07ABC596-50ED-4A7E-BB36-BCA6B5CEA17C}.Release|Mixed Platforms.Build.0 = Release|Any CPU
		{07ABC596-50ED-4A7E-BB36-BCA6B5CEA17C}.Release|x86.ActiveCfg = Release|Any CPU
		{754A7A87-9973-4002-ADE7-30D336D34547}.Debug|Any CPU.ActiveCfg = Debug|x86
		{754A7A87-9973-4002-ADE7-30D336D34547}.Debug|Mixed Platforms.ActiveCfg = Debug|x86
		{754A7A87-9973-4002-ADE7-30D336D34547}.Debug|Mixed Platforms.Build.0 = Debug|x86
		{754A7A87-9973-4002-ADE7-30D336D34547}.Debug|x86.ActiveCfg = Debug|x86
		{754A7A87-9973-4002-ADE7-30D336D34547}.Debug|x86.Build.0 = Debug|x86
		{754A7A87-9973-4002-ADE7-30D336D34547}.Release|Any CPU.ActiveCfg = Release|x86
		{754A7A87-9973-4002-ADE7-30D336D34547}.Release|Mixed Platforms.ActiveCfg = Release|x86
		{754A7A87-9973-4002-ADE7-30D336D34547}.Release|Mixed Platforms.Build.0 = Release|x86
		{754A7A87-9973-4002-ADE7-30D336D34547}.Release|x86.ActiveCfg = Release|x86
		{754A7A87-9973-4002-ADE7-30D336D34547}.Release|x86.Build.0 = Release|x86
		{FBAF292E-A901-4B5F-8D31-CEBE4601D9A4}.Debug|Any CPU.ActiveCfg = Debug|Any CPU
		{FBAF292E-A901-4B5F-8D31-CEBE4601D9A4}.Debug|Any CPU.Build.0 = Debug|Any CPU
		{FBAF292E-A901-4B5F-8D31-CEBE4601D9A4}.Debug|Mixed Platforms.ActiveCfg = Debug|Any CPU
		{FBAF292E-A901-4B5F-8D31-CEBE4601D9A4}.Debug|Mixed Platforms.Build.0 = Debug|Any CPU
		{FBAF292E-A901-4B5F-8D31-CEBE4601D9A4}.Debug|x86.ActiveCfg = Debug|Any CPU
		{FBAF292E-A901-4B5F-8D31-CEBE4601D9A4}.Release|Any CPU.ActiveCfg = Release|Any CPU
		{FBAF292E-A901-4B5F-8D31-CEBE4601D9A4}.Release|Any CPU.Build.0 = Release|Any CPU
		{FBAF292E-A901-4B5F-8D31-CEBE4601D9A4}.Release|Mixed Platforms.ActiveCfg = Release|Any CPU
		{FBAF292E-A901-4B5F-8D31-CEBE4601D9A4}.Release|Mixed Platforms.Build.0 = Release|Any CPU
		{FBAF292E-A901-4B5F-8D31-CEBE4601D9A4}.Release|x86.ActiveCfg = Release|Any CPU
		{F9DA2120-3E05-45FA-BBA7-20A6A25FD379}.Debug|Any CPU.ActiveCfg = Debug|Any CPU
		{F9DA2120-3E05-45FA-BBA7-20A6A25FD379}.Debug|Any CPU.Build.0 = Debug|Any CPU
		{F9DA2120-3E05-45FA-BBA7-20A6A25FD379}.Debug|Mixed Platforms.ActiveCfg = Debug|Any CPU
		{F9DA2120-3E05-45FA-BBA7-20A6A25FD379}.Debug|Mixed Platforms.Build.0 = Debug|Any CPU
		{F9DA2120-3E05-45FA-BBA7-20A6A25FD379}.Debug|x86.ActiveCfg = Debug|Any CPU
		{F9DA2120-3E05-45FA-BBA7-20A6A25FD379}.Release|Any CPU.ActiveCfg = Release|Any CPU
		{F9DA2120-3E05-45FA-BBA7-20A6A25FD379}.Release|Any CPU.Build.0 = Release|Any CPU
		{F9DA2120-3E05-45FA-BBA7-20A6A25FD379}.Release|Mixed Platforms.ActiveCfg = Release|Any CPU
		{F9DA2120-3E05-45FA-BBA7-20A6A25FD379}.Release|Mixed Platforms.Build.0 = Release|Any CPU
		{F9DA2120-3E05-45FA-BBA7-20A6A25FD379}.Release|x86.ActiveCfg = Release|Any CPU
		{C4AD1F75-A147-46AA-824A-7BFBC08648F0}.Debug|Any CPU.ActiveCfg = Debug|Any CPU
		{C4AD1F75-A147-46AA-824A-7BFBC08648F0}.Debug|Any CPU.Build.0 = Debug|Any CPU
		{C4AD1F75-A147-46AA-824A-7BFBC08648F0}.Debug|Mixed Platforms.ActiveCfg = Debug|Any CPU
		{C4AD1F75-A147-46AA-824A-7BFBC08648F0}.Debug|Mixed Platforms.Build.0 = Debug|Any CPU
		{C4AD1F75-A147-46AA-824A-7BFBC08648F0}.Debug|x86.ActiveCfg = Debug|Any CPU
		{C4AD1F75-A147-46AA-824A-7BFBC08648F0}.Release|Any CPU.ActiveCfg = Release|Any CPU
		{C4AD1F75-A147-46AA-824A-7BFBC08648F0}.Release|Any CPU.Build.0 = Release|Any CPU
		{C4AD1F75-A147-46AA-824A-7BFBC08648F0}.Release|Mixed Platforms.ActiveCfg = Release|Any CPU
		{C4AD1F75-A147-46AA-824A-7BFBC08648F0}.Release|Mixed Platforms.Build.0 = Release|Any CPU
		{C4AD1F75-A147-46AA-824A-7BFBC08648F0}.Release|x86.ActiveCfg = Release|Any CPU
		{6D17AC21-B5C2-4ACE-9D29-CD99C4F82286}.Debug|Any CPU.ActiveCfg = Debug|Any CPU
		{6D17AC21-B5C2-4ACE-9D29-CD99C4F82286}.Debug|Any CPU.Build.0 = Debug|Any CPU
		{6D17AC21-B5C2-4ACE-9D29-CD99C4F82286}.Debug|Mixed Platforms.ActiveCfg = Debug|Any CPU
		{6D17AC21-B5C2-4ACE-9D29-CD99C4F82286}.Debug|Mixed Platforms.Build.0 = Debug|Any CPU
		{6D17AC21-B5C2-4ACE-9D29-CD99C4F82286}.Debug|x86.ActiveCfg = Debug|Any CPU
		{6D17AC21-B5C2-4ACE-9D29-CD99C4F82286}.Release|Any CPU.ActiveCfg = Release|Any CPU
		{6D17AC21-B5C2-4ACE-9D29-CD99C4F82286}.Release|Any CPU.Build.0 = Release|Any CPU
		{6D17AC21-B5C2-4ACE-9D29-CD99C4F82286}.Release|Mixed Platforms.ActiveCfg = Release|Any CPU
		{6D17AC21-B5C2-4ACE-9D29-CD99C4F82286}.Release|Mixed Platforms.Build.0 = Release|Any CPU
		{6D17AC21-B5C2-4ACE-9D29-CD99C4F82286}.Release|x86.ActiveCfg = Release|Any CPU
		{8E2B5A5C-4EFC-4E66-AAD9-E0ECC08F8DB9}.Debug|Any CPU.ActiveCfg = Debug|Any CPU
		{8E2B5A5C-4EFC-4E66-AAD9-E0ECC08F8DB9}.Debug|Any CPU.Build.0 = Debug|Any CPU
		{8E2B5A5C-4EFC-4E66-AAD9-E0ECC08F8DB9}.Debug|Mixed Platforms.ActiveCfg = Debug|Any CPU
		{8E2B5A5C-4EFC-4E66-AAD9-E0ECC08F8DB9}.Debug|Mixed Platforms.Build.0 = Debug|Any CPU
		{8E2B5A5C-4EFC-4E66-AAD9-E0ECC08F8DB9}.Debug|x86.ActiveCfg = Debug|Any CPU
		{8E2B5A5C-4EFC-4E66-AAD9-E0ECC08F8DB9}.Release|Any CPU.ActiveCfg = Release|Any CPU
		{8E2B5A5C-4EFC-4E66-AAD9-E0ECC08F8DB9}.Release|Any CPU.Build.0 = Release|Any CPU
		{8E2B5A5C-4EFC-4E66-AAD9-E0ECC08F8DB9}.Release|Mixed Platforms.ActiveCfg = Release|Any CPU
		{8E2B5A5C-4EFC-4E66-AAD9-E0ECC08F8DB9}.Release|Mixed Platforms.Build.0 = Release|Any CPU
		{8E2B5A5C-4EFC-4E66-AAD9-E0ECC08F8DB9}.Release|x86.ActiveCfg = Release|Any CPU
		{3C73FFBD-C163-447F-A8A8-B843B8F81743}.Debug|Any CPU.ActiveCfg = Debug|Any CPU
		{3C73FFBD-C163-447F-A8A8-B843B8F81743}.Debug|Any CPU.Build.0 = Debug|Any CPU
		{3C73FFBD-C163-447F-A8A8-B843B8F81743}.Debug|Mixed Platforms.ActiveCfg = Debug|Any CPU
		{3C73FFBD-C163-447F-A8A8-B843B8F81743}.Debug|Mixed Platforms.Build.0 = Debug|Any CPU
		{3C73FFBD-C163-447F-A8A8-B843B8F81743}.Debug|x86.ActiveCfg = Debug|Any CPU
		{3C73FFBD-C163-447F-A8A8-B843B8F81743}.Release|Any CPU.ActiveCfg = Release|Any CPU
		{3C73FFBD-C163-447F-A8A8-B843B8F81743}.Release|Any CPU.Build.0 = Release|Any CPU
		{3C73FFBD-C163-447F-A8A8-B843B8F81743}.Release|Mixed Platforms.ActiveCfg = Release|Any CPU
		{3C73FFBD-C163-447F-A8A8-B843B8F81743}.Release|Mixed Platforms.Build.0 = Release|Any CPU
		{3C73FFBD-C163-447F-A8A8-B843B8F81743}.Release|x86.ActiveCfg = Release|Any CPU
		{A8584DB0-8C4F-4452-A75C-CEAD6CD1CED3}.Debug|Any CPU.ActiveCfg = Debug|Any CPU
		{A8584DB0-8C4F-4452-A75C-CEAD6CD1CED3}.Debug|Any CPU.Build.0 = Debug|Any CPU
		{A8584DB0-8C4F-4452-A75C-CEAD6CD1CED3}.Debug|Mixed Platforms.ActiveCfg = Debug|Any CPU
		{A8584DB0-8C4F-4452-A75C-CEAD6CD1CED3}.Debug|Mixed Platforms.Build.0 = Debug|Any CPU
		{A8584DB0-8C4F-4452-A75C-CEAD6CD1CED3}.Debug|x86.ActiveCfg = Debug|Any CPU
		{A8584DB0-8C4F-4452-A75C-CEAD6CD1CED3}.Release|Any CPU.ActiveCfg = Release|Any CPU
		{A8584DB0-8C4F-4452-A75C-CEAD6CD1CED3}.Release|Any CPU.Build.0 = Release|Any CPU
		{A8584DB0-8C4F-4452-A75C-CEAD6CD1CED3}.Release|Mixed Platforms.ActiveCfg = Release|Any CPU
		{A8584DB0-8C4F-4452-A75C-CEAD6CD1CED3}.Release|Mixed Platforms.Build.0 = Release|Any CPU
		{A8584DB0-8C4F-4452-A75C-CEAD6CD1CED3}.Release|x86.ActiveCfg = Release|Any CPU
		{7A36E955-344A-4CEC-88E3-E1E3A24C9B7C}.Debug|Any CPU.ActiveCfg = Debug|Any CPU
		{7A36E955-344A-4CEC-88E3-E1E3A24C9B7C}.Debug|Any CPU.Build.0 = Debug|Any CPU
		{7A36E955-344A-4CEC-88E3-E1E3A24C9B7C}.Debug|Mixed Platforms.ActiveCfg = Debug|Any CPU
		{7A36E955-344A-4CEC-88E3-E1E3A24C9B7C}.Debug|Mixed Platforms.Build.0 = Debug|Any CPU
		{7A36E955-344A-4CEC-88E3-E1E3A24C9B7C}.Debug|x86.ActiveCfg = Debug|Any CPU
		{7A36E955-344A-4CEC-88E3-E1E3A24C9B7C}.Release|Any CPU.ActiveCfg = Release|Any CPU
		{7A36E955-344A-4CEC-88E3-E1E3A24C9B7C}.Release|Any CPU.Build.0 = Release|Any CPU
		{7A36E955-344A-4CEC-88E3-E1E3A24C9B7C}.Release|Mixed Platforms.ActiveCfg = Release|Any CPU
		{7A36E955-344A-4CEC-88E3-E1E3A24C9B7C}.Release|Mixed Platforms.Build.0 = Release|Any CPU
		{7A36E955-344A-4CEC-88E3-E1E3A24C9B7C}.Release|x86.ActiveCfg = Release|Any CPU
		{514E17A1-3B46-4574-988E-67C991490E37}.Debug|Any CPU.ActiveCfg = Debug|Any CPU
		{514E17A1-3B46-4574-988E-67C991490E37}.Debug|Any CPU.Build.0 = Debug|Any CPU
		{514E17A1-3B46-4574-988E-67C991490E37}.Debug|Mixed Platforms.ActiveCfg = Debug|Any CPU
		{514E17A1-3B46-4574-988E-67C991490E37}.Debug|Mixed Platforms.Build.0 = Debug|Any CPU
		{514E17A1-3B46-4574-988E-67C991490E37}.Debug|x86.ActiveCfg = Debug|Any CPU
		{514E17A1-3B46-4574-988E-67C991490E37}.Release|Any CPU.ActiveCfg = Release|Any CPU
		{514E17A1-3B46-4574-988E-67C991490E37}.Release|Any CPU.Build.0 = Release|Any CPU
		{514E17A1-3B46-4574-988E-67C991490E37}.Release|Mixed Platforms.ActiveCfg = Release|Any CPU
		{514E17A1-3B46-4574-988E-67C991490E37}.Release|Mixed Platforms.Build.0 = Release|Any CPU
		{514E17A1-3B46-4574-988E-67C991490E37}.Release|x86.ActiveCfg = Release|Any CPU
		{0AC286DC-33DA-4850-A036-7D2CEEF9FA2E}.Debug|Any CPU.ActiveCfg = Debug|Any CPU
		{0AC286DC-33DA-4850-A036-7D2CEEF9FA2E}.Debug|Any CPU.Build.0 = Debug|Any CPU
		{0AC286DC-33DA-4850-A036-7D2CEEF9FA2E}.Debug|Mixed Platforms.ActiveCfg = Debug|Any CPU
		{0AC286DC-33DA-4850-A036-7D2CEEF9FA2E}.Debug|Mixed Platforms.Build.0 = Debug|Any CPU
		{0AC286DC-33DA-4850-A036-7D2CEEF9FA2E}.Debug|x86.ActiveCfg = Debug|Any CPU
		{0AC286DC-33DA-4850-A036-7D2CEEF9FA2E}.Release|Any CPU.ActiveCfg = Release|Any CPU
		{0AC286DC-33DA-4850-A036-7D2CEEF9FA2E}.Release|Any CPU.Build.0 = Release|Any CPU
		{0AC286DC-33DA-4850-A036-7D2CEEF9FA2E}.Release|Mixed Platforms.ActiveCfg = Release|Any CPU
		{0AC286DC-33DA-4850-A036-7D2CEEF9FA2E}.Release|Mixed Platforms.Build.0 = Release|Any CPU
		{0AC286DC-33DA-4850-A036-7D2CEEF9FA2E}.Release|x86.ActiveCfg = Release|Any CPU
		{5E522DD5-F6A1-4B67-85D6-B182A4C69012}.Debug|Any CPU.ActiveCfg = Debug|Any CPU
		{5E522DD5-F6A1-4B67-85D6-B182A4C69012}.Debug|Any CPU.Build.0 = Debug|Any CPU
		{5E522DD5-F6A1-4B67-85D6-B182A4C69012}.Debug|Mixed Platforms.ActiveCfg = Debug|Any CPU
		{5E522DD5-F6A1-4B67-85D6-B182A4C69012}.Debug|Mixed Platforms.Build.0 = Debug|Any CPU
		{5E522DD5-F6A1-4B67-85D6-B182A4C69012}.Debug|x86.ActiveCfg = Debug|Any CPU
		{5E522DD5-F6A1-4B67-85D6-B182A4C69012}.Release|Any CPU.ActiveCfg = Release|Any CPU
		{5E522DD5-F6A1-4B67-85D6-B182A4C69012}.Release|Any CPU.Build.0 = Release|Any CPU
		{5E522DD5-F6A1-4B67-85D6-B182A4C69012}.Release|Mixed Platforms.ActiveCfg = Release|Any CPU
		{5E522DD5-F6A1-4B67-85D6-B182A4C69012}.Release|Mixed Platforms.Build.0 = Release|Any CPU
		{5E522DD5-F6A1-4B67-85D6-B182A4C69012}.Release|x86.ActiveCfg = Release|Any CPU
		{8F4A8C8F-B1BD-4E56-89F4-782DE3DBCC50}.Debug|Any CPU.ActiveCfg = Debug|Any CPU
		{8F4A8C8F-B1BD-4E56-89F4-782DE3DBCC50}.Debug|Any CPU.Build.0 = Debug|Any CPU
		{8F4A8C8F-B1BD-4E56-89F4-782DE3DBCC50}.Debug|Mixed Platforms.ActiveCfg = Debug|Any CPU
		{8F4A8C8F-B1BD-4E56-89F4-782DE3DBCC50}.Debug|Mixed Platforms.Build.0 = Debug|Any CPU
		{8F4A8C8F-B1BD-4E56-89F4-782DE3DBCC50}.Debug|x86.ActiveCfg = Debug|Any CPU
		{8F4A8C8F-B1BD-4E56-89F4-782DE3DBCC50}.Release|Any CPU.ActiveCfg = Release|Any CPU
		{8F4A8C8F-B1BD-4E56-89F4-782DE3DBCC50}.Release|Any CPU.Build.0 = Release|Any CPU
		{8F4A8C8F-B1BD-4E56-89F4-782DE3DBCC50}.Release|Mixed Platforms.ActiveCfg = Release|Any CPU
		{8F4A8C8F-B1BD-4E56-89F4-782DE3DBCC50}.Release|Mixed Platforms.Build.0 = Release|Any CPU
		{8F4A8C8F-B1BD-4E56-89F4-782DE3DBCC50}.Release|x86.ActiveCfg = Release|Any CPU
		{F449C54C-BFAA-4473-A51C-6A910CB08B6D}.Debug|Any CPU.ActiveCfg = Debug|Any CPU
		{F449C54C-BFAA-4473-A51C-6A910CB08B6D}.Debug|Any CPU.Build.0 = Debug|Any CPU
		{F449C54C-BFAA-4473-A51C-6A910CB08B6D}.Debug|Mixed Platforms.ActiveCfg = Debug|Any CPU
		{F449C54C-BFAA-4473-A51C-6A910CB08B6D}.Debug|Mixed Platforms.Build.0 = Debug|Any CPU
		{F449C54C-BFAA-4473-A51C-6A910CB08B6D}.Debug|x86.ActiveCfg = Debug|Any CPU
		{F449C54C-BFAA-4473-A51C-6A910CB08B6D}.Release|Any CPU.ActiveCfg = Release|Any CPU
		{F449C54C-BFAA-4473-A51C-6A910CB08B6D}.Release|Any CPU.Build.0 = Release|Any CPU
		{F449C54C-BFAA-4473-A51C-6A910CB08B6D}.Release|Mixed Platforms.ActiveCfg = Release|Any CPU
		{F449C54C-BFAA-4473-A51C-6A910CB08B6D}.Release|Mixed Platforms.Build.0 = Release|Any CPU
		{F449C54C-BFAA-4473-A51C-6A910CB08B6D}.Release|x86.ActiveCfg = Release|Any CPU
		{BB5BF8CA-D26F-428B-B7D7-0BFF0CAF211E}.Debug|Any CPU.ActiveCfg = Debug|Any CPU
		{BB5BF8CA-D26F-428B-B7D7-0BFF0CAF211E}.Debug|Any CPU.Build.0 = Debug|Any CPU
		{BB5BF8CA-D26F-428B-B7D7-0BFF0CAF211E}.Debug|Mixed Platforms.ActiveCfg = Debug|Any CPU
		{BB5BF8CA-D26F-428B-B7D7-0BFF0CAF211E}.Debug|Mixed Platforms.Build.0 = Debug|Any CPU
		{BB5BF8CA-D26F-428B-B7D7-0BFF0CAF211E}.Debug|x86.ActiveCfg = Debug|Any CPU
		{BB5BF8CA-D26F-428B-B7D7-0BFF0CAF211E}.Release|Any CPU.ActiveCfg = Release|Any CPU
		{BB5BF8CA-D26F-428B-B7D7-0BFF0CAF211E}.Release|Any CPU.Build.0 = Release|Any CPU
		{BB5BF8CA-D26F-428B-B7D7-0BFF0CAF211E}.Release|Mixed Platforms.ActiveCfg = Release|Any CPU
		{BB5BF8CA-D26F-428B-B7D7-0BFF0CAF211E}.Release|Mixed Platforms.Build.0 = Release|Any CPU
		{BB5BF8CA-D26F-428B-B7D7-0BFF0CAF211E}.Release|x86.ActiveCfg = Release|Any CPU
		{F7D5264F-47B7-4B1D-A8D9-28FD50A333F5}.Debug|Any CPU.ActiveCfg = Debug|Any CPU
		{F7D5264F-47B7-4B1D-A8D9-28FD50A333F5}.Debug|Any CPU.Build.0 = Debug|Any CPU
		{F7D5264F-47B7-4B1D-A8D9-28FD50A333F5}.Debug|Mixed Platforms.ActiveCfg = Debug|Any CPU
		{F7D5264F-47B7-4B1D-A8D9-28FD50A333F5}.Debug|Mixed Platforms.Build.0 = Debug|Any CPU
		{F7D5264F-47B7-4B1D-A8D9-28FD50A333F5}.Debug|x86.ActiveCfg = Debug|Any CPU
		{F7D5264F-47B7-4B1D-A8D9-28FD50A333F5}.Release|Any CPU.ActiveCfg = Release|Any CPU
		{F7D5264F-47B7-4B1D-A8D9-28FD50A333F5}.Release|Any CPU.Build.0 = Release|Any CPU
		{F7D5264F-47B7-4B1D-A8D9-28FD50A333F5}.Release|Mixed Platforms.ActiveCfg = Release|Any CPU
		{F7D5264F-47B7-4B1D-A8D9-28FD50A333F5}.Release|Mixed Platforms.Build.0 = Release|Any CPU
		{F7D5264F-47B7-4B1D-A8D9-28FD50A333F5}.Release|x86.ActiveCfg = Release|Any CPU
		{C1C1F559-C162-49FE-B92C-D784C57C4D01}.Debug|Any CPU.ActiveCfg = Debug|Any CPU
		{C1C1F559-C162-49FE-B92C-D784C57C4D01}.Debug|Any CPU.Build.0 = Debug|Any CPU
		{C1C1F559-C162-49FE-B92C-D784C57C4D01}.Debug|Mixed Platforms.ActiveCfg = Debug|Any CPU
		{C1C1F559-C162-49FE-B92C-D784C57C4D01}.Debug|Mixed Platforms.Build.0 = Debug|Any CPU
		{C1C1F559-C162-49FE-B92C-D784C57C4D01}.Debug|x86.ActiveCfg = Debug|Any CPU
		{C1C1F559-C162-49FE-B92C-D784C57C4D01}.Release|Any CPU.ActiveCfg = Release|Any CPU
		{C1C1F559-C162-49FE-B92C-D784C57C4D01}.Release|Any CPU.Build.0 = Release|Any CPU
		{C1C1F559-C162-49FE-B92C-D784C57C4D01}.Release|Mixed Platforms.ActiveCfg = Release|Any CPU
		{C1C1F559-C162-49FE-B92C-D784C57C4D01}.Release|Mixed Platforms.Build.0 = Release|Any CPU
		{C1C1F559-C162-49FE-B92C-D784C57C4D01}.Release|x86.ActiveCfg = Release|Any CPU
		{630B421D-100F-4EBD-86C0-BC747A9359C6}.Debug|Any CPU.ActiveCfg = Debug|Any CPU
		{630B421D-100F-4EBD-86C0-BC747A9359C6}.Debug|Any CPU.Build.0 = Debug|Any CPU
		{630B421D-100F-4EBD-86C0-BC747A9359C6}.Debug|Mixed Platforms.ActiveCfg = Debug|Any CPU
		{630B421D-100F-4EBD-86C0-BC747A9359C6}.Debug|Mixed Platforms.Build.0 = Debug|Any CPU
		{630B421D-100F-4EBD-86C0-BC747A9359C6}.Debug|x86.ActiveCfg = Debug|Any CPU
		{630B421D-100F-4EBD-86C0-BC747A9359C6}.Release|Any CPU.ActiveCfg = Release|Any CPU
		{630B421D-100F-4EBD-86C0-BC747A9359C6}.Release|Any CPU.Build.0 = Release|Any CPU
		{630B421D-100F-4EBD-86C0-BC747A9359C6}.Release|Mixed Platforms.ActiveCfg = Release|Any CPU
		{630B421D-100F-4EBD-86C0-BC747A9359C6}.Release|Mixed Platforms.Build.0 = Release|Any CPU
		{630B421D-100F-4EBD-86C0-BC747A9359C6}.Release|x86.ActiveCfg = Release|Any CPU
		{3262EF16-C46F-41F0-B613-2E765D836BCC}.Debug|Any CPU.ActiveCfg = Debug|Any CPU
		{3262EF16-C46F-41F0-B613-2E765D836BCC}.Debug|Any CPU.Build.0 = Debug|Any CPU
		{3262EF16-C46F-41F0-B613-2E765D836BCC}.Debug|Mixed Platforms.ActiveCfg = Debug|Any CPU
		{3262EF16-C46F-41F0-B613-2E765D836BCC}.Debug|Mixed Platforms.Build.0 = Debug|Any CPU
		{3262EF16-C46F-41F0-B613-2E765D836BCC}.Debug|x86.ActiveCfg = Debug|Any CPU
		{3262EF16-C46F-41F0-B613-2E765D836BCC}.Release|Any CPU.ActiveCfg = Release|Any CPU
		{3262EF16-C46F-41F0-B613-2E765D836BCC}.Release|Any CPU.Build.0 = Release|Any CPU
		{3262EF16-C46F-41F0-B613-2E765D836BCC}.Release|Mixed Platforms.ActiveCfg = Release|Any CPU
		{3262EF16-C46F-41F0-B613-2E765D836BCC}.Release|Mixed Platforms.Build.0 = Release|Any CPU
		{3262EF16-C46F-41F0-B613-2E765D836BCC}.Release|x86.ActiveCfg = Release|Any CPU
		{A0423C7F-5BB3-42A6-BAB8-5BCA39373AEE}.Debug|Any CPU.ActiveCfg = Debug|Any CPU
		{A0423C7F-5BB3-42A6-BAB8-5BCA39373AEE}.Debug|Any CPU.Build.0 = Debug|Any CPU
		{A0423C7F-5BB3-42A6-BAB8-5BCA39373AEE}.Debug|Mixed Platforms.ActiveCfg = Debug|Any CPU
		{A0423C7F-5BB3-42A6-BAB8-5BCA39373AEE}.Debug|Mixed Platforms.Build.0 = Debug|Any CPU
		{A0423C7F-5BB3-42A6-BAB8-5BCA39373AEE}.Debug|x86.ActiveCfg = Debug|Any CPU
		{A0423C7F-5BB3-42A6-BAB8-5BCA39373AEE}.Release|Any CPU.ActiveCfg = Release|Any CPU
		{A0423C7F-5BB3-42A6-BAB8-5BCA39373AEE}.Release|Any CPU.Build.0 = Release|Any CPU
		{A0423C7F-5BB3-42A6-BAB8-5BCA39373AEE}.Release|Mixed Platforms.ActiveCfg = Release|Any CPU
		{A0423C7F-5BB3-42A6-BAB8-5BCA39373AEE}.Release|Mixed Platforms.Build.0 = Release|Any CPU
		{A0423C7F-5BB3-42A6-BAB8-5BCA39373AEE}.Release|x86.ActiveCfg = Release|Any CPU
		{41E884C7-B0C0-49F5-B8F1-D384A663252A}.Debug|Any CPU.ActiveCfg = Debug|Any CPU
		{41E884C7-B0C0-49F5-B8F1-D384A663252A}.Debug|Any CPU.Build.0 = Debug|Any CPU
		{41E884C7-B0C0-49F5-B8F1-D384A663252A}.Debug|Mixed Platforms.ActiveCfg = Debug|Any CPU
		{41E884C7-B0C0-49F5-B8F1-D384A663252A}.Debug|Mixed Platforms.Build.0 = Debug|Any CPU
		{41E884C7-B0C0-49F5-B8F1-D384A663252A}.Debug|x86.ActiveCfg = Debug|Any CPU
		{41E884C7-B0C0-49F5-B8F1-D384A663252A}.Release|Any CPU.ActiveCfg = Release|Any CPU
		{41E884C7-B0C0-49F5-B8F1-D384A663252A}.Release|Any CPU.Build.0 = Release|Any CPU
		{41E884C7-B0C0-49F5-B8F1-D384A663252A}.Release|Mixed Platforms.ActiveCfg = Release|Any CPU
		{41E884C7-B0C0-49F5-B8F1-D384A663252A}.Release|Mixed Platforms.Build.0 = Release|Any CPU
		{41E884C7-B0C0-49F5-B8F1-D384A663252A}.Release|x86.ActiveCfg = Release|Any CPU
		{B78878E7-FE28-415B-8BE2-11AC4EC41207}.Debug|Any CPU.ActiveCfg = Debug|Any CPU
		{B78878E7-FE28-415B-8BE2-11AC4EC41207}.Debug|Any CPU.Build.0 = Debug|Any CPU
		{B78878E7-FE28-415B-8BE2-11AC4EC41207}.Debug|Mixed Platforms.ActiveCfg = Debug|Any CPU
		{B78878E7-FE28-415B-8BE2-11AC4EC41207}.Debug|Mixed Platforms.Build.0 = Debug|Any CPU
		{B78878E7-FE28-415B-8BE2-11AC4EC41207}.Debug|x86.ActiveCfg = Debug|Any CPU
		{B78878E7-FE28-415B-8BE2-11AC4EC41207}.Release|Any CPU.ActiveCfg = Release|Any CPU
		{B78878E7-FE28-415B-8BE2-11AC4EC41207}.Release|Any CPU.Build.0 = Release|Any CPU
		{B78878E7-FE28-415B-8BE2-11AC4EC41207}.Release|Mixed Platforms.ActiveCfg = Release|Any CPU
		{B78878E7-FE28-415B-8BE2-11AC4EC41207}.Release|Mixed Platforms.Build.0 = Release|Any CPU
		{B78878E7-FE28-415B-8BE2-11AC4EC41207}.Release|x86.ActiveCfg = Release|Any CPU
		{5D08C3EE-1897-4550-9D97-C31B52ECC55C}.Debug|Any CPU.ActiveCfg = Debug|Any CPU
		{5D08C3EE-1897-4550-9D97-C31B52ECC55C}.Debug|Any CPU.Build.0 = Debug|Any CPU
		{5D08C3EE-1897-4550-9D97-C31B52ECC55C}.Debug|Mixed Platforms.ActiveCfg = Debug|Any CPU
		{5D08C3EE-1897-4550-9D97-C31B52ECC55C}.Debug|Mixed Platforms.Build.0 = Debug|Any CPU
		{5D08C3EE-1897-4550-9D97-C31B52ECC55C}.Debug|x86.ActiveCfg = Debug|Any CPU
		{5D08C3EE-1897-4550-9D97-C31B52ECC55C}.Release|Any CPU.ActiveCfg = Release|Any CPU
		{5D08C3EE-1897-4550-9D97-C31B52ECC55C}.Release|Any CPU.Build.0 = Release|Any CPU
		{5D08C3EE-1897-4550-9D97-C31B52ECC55C}.Release|Mixed Platforms.ActiveCfg = Release|Any CPU
		{5D08C3EE-1897-4550-9D97-C31B52ECC55C}.Release|Mixed Platforms.Build.0 = Release|Any CPU
		{5D08C3EE-1897-4550-9D97-C31B52ECC55C}.Release|x86.ActiveCfg = Release|Any CPU
		{D88A277D-597F-44E7-A4D9-29CA69F22C6E}.Debug|Any CPU.ActiveCfg = Debug|Any CPU
		{D88A277D-597F-44E7-A4D9-29CA69F22C6E}.Debug|Any CPU.Build.0 = Debug|Any CPU
		{D88A277D-597F-44E7-A4D9-29CA69F22C6E}.Debug|Mixed Platforms.ActiveCfg = Debug|Any CPU
		{D88A277D-597F-44E7-A4D9-29CA69F22C6E}.Debug|Mixed Platforms.Build.0 = Debug|Any CPU
		{D88A277D-597F-44E7-A4D9-29CA69F22C6E}.Debug|x86.ActiveCfg = Debug|Any CPU
		{D88A277D-597F-44E7-A4D9-29CA69F22C6E}.Release|Any CPU.ActiveCfg = Release|Any CPU
		{D88A277D-597F-44E7-A4D9-29CA69F22C6E}.Release|Any CPU.Build.0 = Release|Any CPU
		{D88A277D-597F-44E7-A4D9-29CA69F22C6E}.Release|Mixed Platforms.ActiveCfg = Release|Any CPU
		{D88A277D-597F-44E7-A4D9-29CA69F22C6E}.Release|Mixed Platforms.Build.0 = Release|Any CPU
		{D88A277D-597F-44E7-A4D9-29CA69F22C6E}.Release|x86.ActiveCfg = Release|Any CPU
		{E18E71BC-0C54-4A24-B9BE-0045B81D03E5}.Debug|Any CPU.ActiveCfg = Debug|Any CPU
		{E18E71BC-0C54-4A24-B9BE-0045B81D03E5}.Debug|Any CPU.Build.0 = Debug|Any CPU
		{E18E71BC-0C54-4A24-B9BE-0045B81D03E5}.Debug|Mixed Platforms.ActiveCfg = Debug|Any CPU
		{E18E71BC-0C54-4A24-B9BE-0045B81D03E5}.Debug|Mixed Platforms.Build.0 = Debug|Any CPU
		{E18E71BC-0C54-4A24-B9BE-0045B81D03E5}.Debug|x86.ActiveCfg = Debug|Any CPU
		{E18E71BC-0C54-4A24-B9BE-0045B81D03E5}.Release|Any CPU.ActiveCfg = Release|Any CPU
		{E18E71BC-0C54-4A24-B9BE-0045B81D03E5}.Release|Any CPU.Build.0 = Release|Any CPU
		{E18E71BC-0C54-4A24-B9BE-0045B81D03E5}.Release|Mixed Platforms.ActiveCfg = Release|Any CPU
		{E18E71BC-0C54-4A24-B9BE-0045B81D03E5}.Release|Mixed Platforms.Build.0 = Release|Any CPU
		{E18E71BC-0C54-4A24-B9BE-0045B81D03E5}.Release|x86.ActiveCfg = Release|Any CPU
		{306D0929-6EE7-45BF-ABBF-92A08F222A08}.Debug|Any CPU.ActiveCfg = Debug|Any CPU
		{306D0929-6EE7-45BF-ABBF-92A08F222A08}.Debug|Any CPU.Build.0 = Debug|Any CPU
		{306D0929-6EE7-45BF-ABBF-92A08F222A08}.Debug|Mixed Platforms.ActiveCfg = Debug|Any CPU
		{306D0929-6EE7-45BF-ABBF-92A08F222A08}.Debug|Mixed Platforms.Build.0 = Debug|Any CPU
		{306D0929-6EE7-45BF-ABBF-92A08F222A08}.Debug|x86.ActiveCfg = Debug|Any CPU
		{306D0929-6EE7-45BF-ABBF-92A08F222A08}.Release|Any CPU.ActiveCfg = Release|Any CPU
		{306D0929-6EE7-45BF-ABBF-92A08F222A08}.Release|Any CPU.Build.0 = Release|Any CPU
		{306D0929-6EE7-45BF-ABBF-92A08F222A08}.Release|Mixed Platforms.ActiveCfg = Release|Any CPU
		{306D0929-6EE7-45BF-ABBF-92A08F222A08}.Release|Mixed Platforms.Build.0 = Release|Any CPU
		{306D0929-6EE7-45BF-ABBF-92A08F222A08}.Release|x86.ActiveCfg = Release|Any CPU
		{14511BF3-C3AD-4C66-8809-3538930E3075}.Debug|Any CPU.ActiveCfg = Debug|Any CPU
		{14511BF3-C3AD-4C66-8809-3538930E3075}.Debug|Any CPU.Build.0 = Debug|Any CPU
		{14511BF3-C3AD-4C66-8809-3538930E3075}.Debug|Mixed Platforms.ActiveCfg = Debug|Any CPU
		{14511BF3-C3AD-4C66-8809-3538930E3075}.Debug|Mixed Platforms.Build.0 = Debug|Any CPU
		{14511BF3-C3AD-4C66-8809-3538930E3075}.Debug|x86.ActiveCfg = Debug|Any CPU
		{14511BF3-C3AD-4C66-8809-3538930E3075}.Release|Any CPU.ActiveCfg = Release|Any CPU
		{14511BF3-C3AD-4C66-8809-3538930E3075}.Release|Any CPU.Build.0 = Release|Any CPU
		{14511BF3-C3AD-4C66-8809-3538930E3075}.Release|Mixed Platforms.ActiveCfg = Release|Any CPU
		{14511BF3-C3AD-4C66-8809-3538930E3075}.Release|Mixed Platforms.Build.0 = Release|Any CPU
		{14511BF3-C3AD-4C66-8809-3538930E3075}.Release|x86.ActiveCfg = Release|Any CPU
		{8E37499B-A853-4EAB-A608-9349EDA51906}.Debug|Any CPU.ActiveCfg = Debug|Any CPU
		{8E37499B-A853-4EAB-A608-9349EDA51906}.Debug|Any CPU.Build.0 = Debug|Any CPU
		{8E37499B-A853-4EAB-A608-9349EDA51906}.Debug|Mixed Platforms.ActiveCfg = Debug|Any CPU
		{8E37499B-A853-4EAB-A608-9349EDA51906}.Debug|Mixed Platforms.Build.0 = Debug|Any CPU
		{8E37499B-A853-4EAB-A608-9349EDA51906}.Debug|x86.ActiveCfg = Debug|Any CPU
		{8E37499B-A853-4EAB-A608-9349EDA51906}.Release|Any CPU.ActiveCfg = Release|Any CPU
		{8E37499B-A853-4EAB-A608-9349EDA51906}.Release|Any CPU.Build.0 = Release|Any CPU
		{8E37499B-A853-4EAB-A608-9349EDA51906}.Release|Mixed Platforms.ActiveCfg = Release|Any CPU
		{8E37499B-A853-4EAB-A608-9349EDA51906}.Release|Mixed Platforms.Build.0 = Release|Any CPU
		{8E37499B-A853-4EAB-A608-9349EDA51906}.Release|x86.ActiveCfg = Release|Any CPU
		{EFBA160C-AD5F-42A2-A79A-4F722236B57C}.Debug|Any CPU.ActiveCfg = Debug|Any CPU
		{EFBA160C-AD5F-42A2-A79A-4F722236B57C}.Debug|Any CPU.Build.0 = Debug|Any CPU
		{EFBA160C-AD5F-42A2-A79A-4F722236B57C}.Debug|Mixed Platforms.ActiveCfg = Debug|Any CPU
		{EFBA160C-AD5F-42A2-A79A-4F722236B57C}.Debug|Mixed Platforms.Build.0 = Debug|Any CPU
		{EFBA160C-AD5F-42A2-A79A-4F722236B57C}.Debug|x86.ActiveCfg = Debug|Any CPU
		{EFBA160C-AD5F-42A2-A79A-4F722236B57C}.Release|Any CPU.ActiveCfg = Release|Any CPU
		{EFBA160C-AD5F-42A2-A79A-4F722236B57C}.Release|Any CPU.Build.0 = Release|Any CPU
		{EFBA160C-AD5F-42A2-A79A-4F722236B57C}.Release|Mixed Platforms.ActiveCfg = Release|Any CPU
		{EFBA160C-AD5F-42A2-A79A-4F722236B57C}.Release|Mixed Platforms.Build.0 = Release|Any CPU
		{EFBA160C-AD5F-42A2-A79A-4F722236B57C}.Release|x86.ActiveCfg = Release|Any CPU
		{6892AFA9-6EA3-416C-BD64-92BEBBE5E4B8}.Debug|Any CPU.ActiveCfg = Debug|Any CPU
		{6892AFA9-6EA3-416C-BD64-92BEBBE5E4B8}.Debug|Any CPU.Build.0 = Debug|Any CPU
		{6892AFA9-6EA3-416C-BD64-92BEBBE5E4B8}.Debug|Mixed Platforms.ActiveCfg = Debug|Any CPU
		{6892AFA9-6EA3-416C-BD64-92BEBBE5E4B8}.Debug|Mixed Platforms.Build.0 = Debug|Any CPU
		{6892AFA9-6EA3-416C-BD64-92BEBBE5E4B8}.Debug|x86.ActiveCfg = Debug|Any CPU
		{6892AFA9-6EA3-416C-BD64-92BEBBE5E4B8}.Debug|x86.Build.0 = Debug|Any CPU
		{6892AFA9-6EA3-416C-BD64-92BEBBE5E4B8}.Release|Any CPU.ActiveCfg = Release|Any CPU
		{6892AFA9-6EA3-416C-BD64-92BEBBE5E4B8}.Release|Any CPU.Build.0 = Release|Any CPU
		{6892AFA9-6EA3-416C-BD64-92BEBBE5E4B8}.Release|Mixed Platforms.ActiveCfg = Release|Any CPU
		{6892AFA9-6EA3-416C-BD64-92BEBBE5E4B8}.Release|Mixed Platforms.Build.0 = Release|Any CPU
		{6892AFA9-6EA3-416C-BD64-92BEBBE5E4B8}.Release|x86.ActiveCfg = Release|Any CPU
		{6892AFA9-6EA3-416C-BD64-92BEBBE5E4B8}.Release|x86.Build.0 = Release|Any CPU
		{3CC5727E-17D7-43A2-AE9F-7EA4AC71C797}.Debug|Any CPU.ActiveCfg = Debug|Any CPU
		{3CC5727E-17D7-43A2-AE9F-7EA4AC71C797}.Debug|Any CPU.Build.0 = Debug|Any CPU
		{3CC5727E-17D7-43A2-AE9F-7EA4AC71C797}.Debug|Mixed Platforms.ActiveCfg = Debug|Any CPU
		{3CC5727E-17D7-43A2-AE9F-7EA4AC71C797}.Debug|Mixed Platforms.Build.0 = Debug|Any CPU
		{3CC5727E-17D7-43A2-AE9F-7EA4AC71C797}.Debug|x86.ActiveCfg = Debug|Any CPU
		{3CC5727E-17D7-43A2-AE9F-7EA4AC71C797}.Debug|x86.Build.0 = Debug|Any CPU
		{3CC5727E-17D7-43A2-AE9F-7EA4AC71C797}.Release|Any CPU.ActiveCfg = Release|Any CPU
		{3CC5727E-17D7-43A2-AE9F-7EA4AC71C797}.Release|Any CPU.Build.0 = Release|Any CPU
		{3CC5727E-17D7-43A2-AE9F-7EA4AC71C797}.Release|Mixed Platforms.ActiveCfg = Release|Any CPU
		{3CC5727E-17D7-43A2-AE9F-7EA4AC71C797}.Release|Mixed Platforms.Build.0 = Release|Any CPU
		{3CC5727E-17D7-43A2-AE9F-7EA4AC71C797}.Release|x86.ActiveCfg = Release|Any CPU
		{3CC5727E-17D7-43A2-AE9F-7EA4AC71C797}.Release|x86.Build.0 = Release|Any CPU
	EndGlobalSection
	GlobalSection(SolutionProperties) = preSolution
		HideSolutionNode = FALSE
	EndGlobalSection
	GlobalSection(ExtensibilityGlobals) = postSolution
		SolutionGuid = {EC711122-4F9C-4ADD-8751-4624168AFCEF}
	EndGlobalSection
	GlobalSection(TeamFoundationVersionControl) = preSolution
		SccNumberOfProjects = 33
		SccEnterpriseProvider = {4CA58AB2-18FA-4F8D-95D4-32DDF27D184C}
		SccTeamFoundationServer = https://emb8w.visualstudio.com/
		SccLocalPath0 = .
		SccProjectUniqueName1 = Smv.Data.Oracle\\Smv.Data.Oracle.csproj
		SccProjectName1 = Smv.Data.Oracle
		SccLocalPath1 = Smv.Data.Oracle
		SccProjectUniqueName2 = Smv.DispUpdate\\Smv.DispUpdate.csproj
		SccProjectName2 = Smv.DispUpdate
		SccLocalPath2 = Smv.DispUpdate
		SccProjectUniqueName3 = Smv.Modules.MgrExt\\Smv.Modules.MgrExt.csproj
		SccProjectName3 = Smv.Modules.MgrExt
		SccLocalPath3 = Smv.Modules.MgrExt
		SccProjectUniqueName4 = Smv.Prj.Core\\Smv.Prj.Core.csproj
		SccProjectName4 = Smv.Prj.Core
		SccLocalPath4 = Smv.Prj.Core
		SccProjectUniqueName5 = Viz.DbApp.Psi\\Viz.DbApp.Psi.csproj
		SccProjectName5 = Viz.DbApp.Psi
		SccLocalPath5 = Viz.DbApp.Psi
		SccProjectUniqueName6 = Viz.DbModule.Psi\\Viz.DbModule.Psi.csproj
		SccProjectName6 = Viz.DbModule.Psi
		SccLocalPath6 = Viz.DbModule.Psi
		SccProjectUniqueName7 = Viz.Lims.Sh\\Viz.Lims.Sh.csproj
		SccProjectName7 = Viz.Lims.Sh
		SccLocalPath7 = Viz.Lims.Sh
		SccProjectUniqueName8 = Viz.MagLab.MeasureUnits\\Viz.MagLab.MeasureUnits.csproj
		SccProjectName8 = Viz.MagLab.MeasureUnits
		SccLocalPath8 = Viz.MagLab.MeasureUnits
		SccProjectUniqueName9 = Viz.WrkModule.Diagrm.Db\\Viz.WrkModule.Diagrm.Db.csproj
		SccProjectName9 = Viz.WrkModule.Diagrm.Db
		SccLocalPath9 = Viz.WrkModule.Diagrm.Db
		SccProjectUniqueName10 = Viz.WrkModule.Diagrm\\Viz.WrkModule.Diagrm.csproj
		SccProjectName10 = Viz.WrkModule.Diagrm
		SccLocalPath10 = Viz.WrkModule.Diagrm
		SccProjectUniqueName11 = Viz.WrkModule.Isc.Db\\Viz.WrkModule.Isc.Db.csproj
		SccProjectName11 = Viz.WrkModule.Isc.Db
		SccLocalPath11 = Viz.WrkModule.Isc.Db
		SccProjectUniqueName12 = Viz.WrkModule.Isc\\Viz.WrkModule.Isc.csproj
		SccProjectName12 = Viz.WrkModule.Isc
		SccLocalPath12 = Viz.WrkModule.Isc
		SccProjectUniqueName13 = Viz.WrkModule.MagLab.Db\\Viz.WrkModule.MagLab.Db.csproj
		SccProjectName13 = Viz.WrkModule.MagLab.Db
		SccLocalPath13 = Viz.WrkModule.MagLab.Db
		SccProjectUniqueName14 = Viz.WrkModule.MagLab\\Viz.WrkModule.MagLab.csproj
		SccProjectName14 = Viz.WrkModule.MagLab
		SccLocalPath14 = Viz.WrkModule.MagLab
		SccProjectUniqueName15 = Viz.WrkModule.MapDefects.Db\\Viz.WrkModule.MapDefects.Db.csproj
		SccProjectName15 = Viz.WrkModule.MapDefects.Db
		SccLocalPath15 = Viz.WrkModule.MapDefects.Db
		SccProjectUniqueName16 = Viz.WrkModule.MapDefects\\Viz.WrkModule.MapDefects.csproj
		SccProjectName16 = Viz.WrkModule.MapDefects
		SccLocalPath16 = Viz.WrkModule.MapDefects
		SccProjectUniqueName17 = Viz.WrkModule.PrintLabel.Db\\Viz.WrkModule.PrintLabel.Db.csproj
		SccProjectName17 = Viz.WrkModule.PrintLabel.Db
		SccLocalPath17 = Viz.WrkModule.PrintLabel.Db
		SccProjectUniqueName18 = Viz.WrkModule.PrintLabel\\Viz.WrkModule.PrintLabel.csproj
		SccProjectName18 = Viz.WrkModule.PrintLabel
		SccLocalPath18 = Viz.WrkModule.PrintLabel
		SccProjectUniqueName19 = Viz.WrkModule.RptHimLab.Db\\Viz.WrkModule.RptHimLab.Db.csproj
		SccProjectName19 = Viz.WrkModule.RptHimLab.Db
		SccLocalPath19 = Viz.WrkModule.RptHimLab.Db
		SccProjectUniqueName20 = Viz.WrkModule.RptHimLab\\Viz.WrkModule.RptHimLab.csproj
		SccProjectName20 = Viz.WrkModule.RptHimLab
		SccLocalPath20 = Viz.WrkModule.RptHimLab
		SccProjectUniqueName21 = Viz.WrkModule.RptMagLab.Db\\Viz.WrkModule.RptMagLab.Db.csproj
		SccProjectName21 = Viz.WrkModule.RptMagLab.Db
		SccLocalPath21 = Viz.WrkModule.RptMagLab.Db
		SccProjectUniqueName22 = Viz.WrkModule.RptMagLab\\Viz.WrkModule.RptMagLab.csproj
		SccProjectName22 = Viz.WrkModule.RptMagLab
		SccLocalPath22 = Viz.WrkModule.RptMagLab
		SccProjectUniqueName23 = Viz.WrkModule.RptManager.Db\\Viz.WrkModule.RptManager.Db.csproj
		SccProjectName23 = Viz.WrkModule.RptManager.Db
		SccLocalPath23 = Viz.WrkModule.RptManager.Db
		SccProjectUniqueName24 = Viz.WrkModule.RptManager\\Viz.WrkModule.RptManager.csproj
		SccProjectName24 = Viz.WrkModule.RptManager
		SccLocalPath24 = Viz.WrkModule.RptManager
		SccProjectUniqueName25 = Viz.WrkModule.RptOpr.Db\\Viz.WrkModule.RptOpr.Db.csproj
		SccProjectName25 = Viz.WrkModule.RptOpr.Db
		SccLocalPath25 = Viz.WrkModule.RptOpr.Db
		SccProjectUniqueName26 = Viz.WrkModule.RptOpr\\Viz.WrkModule.RptOpr.csproj
		SccProjectName26 = Viz.WrkModule.RptOpr
		SccLocalPath26 = Viz.WrkModule.RptOpr
		SccProjectUniqueName27 = Viz.WrkModule.RptOtk.Db\\Viz.WrkModule.RptOtk.Db.csproj
		SccProjectName27 = Viz.WrkModule.RptOtk.Db
		SccLocalPath27 = Viz.WrkModule.RptOtk.Db
		SccProjectUniqueName28 = Viz.WrkModule.RptOtk\\Viz.WrkModule.RptOtk.csproj
		SccProjectName28 = Viz.WrkModule.RptOtk
		SccLocalPath28 = Viz.WrkModule.RptOtk
		SccProjectUniqueName29 = Viz.WrkModule.Spep.Db\\Viz.WrkModule.Spep.Db.csproj
		SccProjectName29 = Viz.WrkModule.Spep.Db
		SccLocalPath29 = Viz.WrkModule.Spep.Db
		SccProjectUniqueName30 = Viz.WrkModule.Spep\\Viz.WrkModule.Spep.csproj
		SccProjectName30 = Viz.WrkModule.Spep
		SccLocalPath30 = Viz.WrkModule.Spep
		SccProjectUniqueName31 = Viz.WrkModule.Thp.Db\\Viz.WrkModule.Thp.Db.csproj
		SccProjectName31 = Viz.WrkModule.Thp.Db
		SccLocalPath31 = Viz.WrkModule.Thp.Db
		SccProjectUniqueName32 = Viz.WrkModule.Thp\\Viz.WrkModule.Thp.csproj
		SccProjectName32 = Viz.WrkModule.Thp
		SccLocalPath32 = Viz.WrkModule.Thp
	EndGlobalSection
EndGlobal
