
Microsoft Visual Studio Solution File, Format Version 11.00
# Visual Studio 2010
Project("{FAE04EC0-301F-11D3-BF4B-00C04F79EFBC}") = "Viz.MagLab.Brokhaus.Config", "Viz.MagLab.Brokhaus.Config.csproj", "{FBAF292E-A901-4B5F-8D31-CEBE4601D9A4}"
EndProject
Global
	GlobalSection(SolutionConfigurationPlatforms) = preSolution
		Debug|Any CPU = Debug|Any CPU
		Release|Any CPU = Release|Any CPU
	EndGlobalSection
	GlobalSection(ProjectConfigurationPlatforms) = postSolution
		{FBAF292E-A901-4B5F-8D31-CEBE4601D9A4}.Debug|Any CPU.ActiveCfg = Debug|Any CPU
		{FBAF292E-A901-4B5F-8D31-CEBE4601D9A4}.Debug|Any CPU.Build.0 = Debug|Any CPU
		{FBAF292E-A901-4B5F-8D31-CEBE4601D9A4}.Release|Any CPU.ActiveCfg = Release|Any CPU
		{FBAF292E-A901-4B5F-8D31-CEBE4601D9A4}.Release|Any CPU.Build.0 = Release|Any CPU
	EndGlobalSection
	GlobalSection(SolutionProperties) = preSolution
		HideSolutionNode = FALSE
	EndGlobalSection
EndGlobal
